{
  "version": 1,
  "dependencies": {
    "net9.0": {
      "Microsoft.NET.ILLink.Tasks": {
        "type": "Direct",
        "requested": "[9.0.2, )",
        "resolved": "9.0.2",
        "contentHash": "+KFnCLVPicEq99ko0tq+ycTvNLXHw0tImmTZjPloB/DOFLPT56KLfk5aS7wbgXRPzYhXTTBYLGaABea5mke77w=="
      },
      "System.Drawing.Common": {
        "type": "Direct",
        "requested": "[9.0.2, )",
        "resolved": "9.0.2",
        "contentHash": "JU947wzf8JbBS16Y5EIZzAlyQU+k68D7LRx6y03s2wlhlvLqkt/8uPBrjv2hJnnaJKbdb0GhQ3JZsfYXhrRjyg==",
        "dependencies": {
          "Microsoft.Win32.SystemEvents": "9.0.2"
        }
      },
      "Microsoft.Win32.SystemEvents": {
        "type": "Transitive",
        "resolved": "9.0.2",
        "contentHash": "5BkGZ6mHp2dHydR29sb0fDfAuqkv30AHtTih8wMzvPZysOmBFvHfnkR2w3tsc0pSiIg8ZoKyefJXWy9r3pBh0w=="
      }
    }
  }
}