{
  "version": 1,
  "dependencies": {
    "net9.0": {
      "Microsoft.NET.ILLink.Tasks": {
        "type": "Direct",
        "requested": "[9.0.0-rc.2.24473.5, )",
        "resolved": "9.0.0-rc.2.24473.5",
        "contentHash": "mXyCgKqBIo/KOpY09FqjOU8d+LME2qowzzvBd1/viYmSpAKYfQ2w1WDOlh0FniY4xnrB/wmDiAo4frJvfCqT0w=="
      },
      "System.Drawing.Common": {
        "type": "Direct",
        "requested": "[9.0.0-rc.2.24474.1, )",
        "resolved": "9.0.0-rc.2.24474.1",
        "contentHash": "a+wqXfOnCuBc7ql6xsCr9IJh5g4Hmm6HBOtQIW/QEuTPHc/R/zMNe6b13FSHN7goEd/0tea7p6EH0OsH3iBKCQ==",
        "dependencies": {
          "Microsoft.Win32.SystemEvents": "9.0.0-rc.2.24473.5"
        }
      },
      "Microsoft.Win32.SystemEvents": {
        "type": "Transitive",
        "resolved": "9.0.0-rc.2.24473.5",
        "contentHash": "is9hwbUxr4o0jPDY5uRJTmq5RqqZVrV/OvZTt/sEC4bekBf/r1un1+SY1L9KE87QkeIkFbFzKomLivEvJ8vCbg=="
      }
    }
  }
}